// !$*UTF8*$!
{
	archiveVersion = 1;
	classes = {
	};
	objectVersion = 46;
	objects = {

/* Begin PBXBuildFile section */
		458493F71B16B5F6003DFC05 /* main.m in Sources */ = {isa = PBXBuildFile; fileRef = 458493F61B16B5F6003DFC05 /* main.m */; };
		458493FA1B16B5F6003DFC05 /* AppDelegate.m in Sources */ = {isa = PBXBuildFile; fileRef = 458493F91B16B5F6003DFC05 /* AppDelegate.m */; };
		458493FD1B16B5F6003DFC05 /* ViewController.m in Sources */ = {isa = PBXBuildFile; fileRef = 458493FC1B16B5F6003DFC05 /* ViewController.m */; };
		458494001B16B5F6003DFC05 /* Main.storyboard in Resources */ = {isa = PBXBuildFile; fileRef = 458493FE1B16B5F6003DFC05 /* Main.storyboard */; };
		458494021B16B5F6003DFC05 /* Images.xcassets in Resources */ = {isa = PBXBuildFile; fileRef = 458494011B16B5F6003DFC05 /* Images.xcassets */; };
		458494051B16B5F6003DFC05 /* LaunchScreen.xib in Resources */ = {isa = PBXBuildFile; fileRef = 458494031B16B5F6003DFC05 /* LaunchScreen.xib */; };
		458494111B16B5F6003DFC05 /* MKAnimationStyleTests.m in Sources */ = {isa = PBXBuildFile; fileRef = 458494101B16B5F6003DFC05 /* MKAnimationStyleTests.m */; };
		458494301B16BA4A003DFC05 /* UIView+RMAdditions.m in Sources */ = {isa = PBXBuildFile; fileRef = 4584942F1B16BA4A003DFC05 /* UIView+RMAdditions.m */; };
		4584944A1B16C522003DFC05 /* MKAnimationManager.m in Sources */ = {isa = PBXBuildFile; fileRef = 458494371B16C522003DFC05 /* MKAnimationManager.m */; };
		4584944B1B16C522003DFC05 /* UIImage+Extension.m in Sources */ = {isa = PBXBuildFile; fileRef = 4584943B1B16C522003DFC05 /* UIImage+Extension.m */; };
		4584944C1B16C522003DFC05 /* MKEmitterCustomLayer.m in Sources */ = {isa = PBXBuildFile; fileRef = 4584943F1B16C522003DFC05 /* MKEmitterCustomLayer.m */; };
		4584944D1B16C522003DFC05 /* MKEmitterLeavesCell.m in Sources */ = {isa = PBXBuildFile; fileRef = 458494421B16C522003DFC05 /* MKEmitterLeavesCell.m */; };
		4584944E1B16C522003DFC05 /* leaves.png in Resources */ = {isa = PBXBuildFile; fileRef = 458494431B16C522003DFC05 /* leaves.png */; };
		4584944F1B16C522003DFC05 /* MKEmitterSnowCell.m in Sources */ = {isa = PBXBuildFile; fileRef = 458494471B16C522003DFC05 /* MKEmitterSnowCell.m */; };
		458494511B16C522003DFC05 /* snow.png in Resources */ = {isa = PBXBuildFile; fileRef = 458494491B16C522003DFC05 /* snow.png */; };
		4584948A1B170845003DFC05 /* MKPublicParticleCell.m in Sources */ = {isa = PBXBuildFile; fileRef = 458494891B170845003DFC05 /* MKPublicParticleCell.m */; };
/* End PBXBuildFile section */

/* Begin PBXContainerItemProxy section */
		4584940B1B16B5F6003DFC05 /* PBXContainerItemProxy */ = {
			isa = PBXContainerItemProxy;
			containerPortal = 458493E91B16B5F6003DFC05 /* Project object */;
			proxyType = 1;
			remoteGlobalIDString = 458493F01B16B5F6003DFC05;
			remoteInfo = MKAnimationStyle;
		};
/* End PBXContainerItemProxy section */

/* Begin PBXFileReference section */
		458493F11B16B5F6003DFC05 /* MKAnimationStyle.app */ = {isa = PBXFileReference; explicitFileType = wrapper.application; includeInIndex = 0; path = MKAnimationStyle.app; sourceTree = BUILT_PRODUCTS_DIR; };
		458493F51B16B5F6003DFC05 /* Info.plist */ = {isa = PBXFileReference; lastKnownFileType = text.plist.xml; path = Info.plist; sourceTree = "<group>"; };
		458493F61B16B5F6003DFC05 /* main.m */ = {isa = PBXFileReference; lastKnownFileType = sourcecode.c.objc; path = main.m; sourceTree = "<group>"; };
		458493F81B16B5F6003DFC05 /* AppDelegate.h */ = {isa = PBXFileReference; lastKnownFileType = sourcecode.c.h; path = AppDelegate.h; sourceTree = "<group>"; };
		458493F91B16B5F6003DFC05 /* AppDelegate.m */ = {isa = PBXFileReference; lastKnownFileType = sourcecode.c.objc; path = AppDelegate.m; sourceTree = "<group>"; };
		458493FB1B16B5F6003DFC05 /* ViewController.h */ = {isa = PBXFileReference; lastKnownFileType = sourcecode.c.h; path = ViewController.h; sourceTree = "<group>"; };
		458493FC1B16B5F6003DFC05 /* ViewController.m */ = {isa = PBXFileReference; lastKnownFileType = sourcecode.c.objc; path = ViewController.m; sourceTree = "<group>"; };
		458493FF1B16B5F6003DFC05 /* Base */ = {isa = PBXFileReference; lastKnownFileType = file.storyboard; name = Base; path = Base.lproj/Main.storyboard; sourceTree = "<group>"; };
		458494011B16B5F6003DFC05 /* Images.xcassets */ = {isa = PBXFileReference; lastKnownFileType = folder.assetcatalog; path = Images.xcassets; sourceTree = "<group>"; };
		458494041B16B5F6003DFC05 /* Base */ = {isa = PBXFileReference; lastKnownFileType = file.xib; name = Base; path = Base.lproj/LaunchScreen.xib; sourceTree = "<group>"; };
		4584940A1B16B5F6003DFC05 /* MKAnimationStyleTests.xctest */ = {isa = PBXFileReference; explicitFileType = wrapper.cfbundle; includeInIndex = 0; path = MKAnimationStyleTests.xctest; sourceTree = BUILT_PRODUCTS_DIR; };
		4584940F1B16B5F6003DFC05 /* Info.plist */ = {isa = PBXFileReference; lastKnownFileType = text.plist.xml; path = Info.plist; sourceTree = "<group>"; };
		458494101B16B5F6003DFC05 /* MKAnimationStyleTests.m */ = {isa = PBXFileReference; lastKnownFileType = sourcecode.c.objc; path = MKAnimationStyleTests.m; sourceTree = "<group>"; };
		4584942E1B16BA4A003DFC05 /* UIView+RMAdditions.h */ = {isa = PBXFileReference; fileEncoding = 4; lastKnownFileType = sourcecode.c.h; path = "UIView+RMAdditions.h"; sourceTree = "<group>"; };
		4584942F1B16BA4A003DFC05 /* UIView+RMAdditions.m */ = {isa = PBXFileReference; fileEncoding = 4; lastKnownFileType = sourcecode.c.objc; path = "UIView+RMAdditions.m"; sourceTree = "<group>"; };
		458494361B16C522003DFC05 /* MKAnimationManager.h */ = {isa = PBXFileReference; fileEncoding = 4; lastKnownFileType = sourcecode.c.h; path = MKAnimationManager.h; sourceTree = "<group>"; };
		458494371B16C522003DFC05 /* MKAnimationManager.m */ = {isa = PBXFileReference; fileEncoding = 4; lastKnownFileType = sourcecode.c.objc; path = MKAnimationManager.m; sourceTree = "<group>"; };
		4584943A1B16C522003DFC05 /* UIImage+Extension.h */ = {isa = PBXFileReference; fileEncoding = 4; lastKnownFileType = sourcecode.c.h; path = "UIImage+Extension.h"; sourceTree = "<group>"; };
		4584943B1B16C522003DFC05 /* UIImage+Extension.m */ = {isa = PBXFileReference; fileEncoding = 4; lastKnownFileType = sourcecode.c.objc; path = "UIImage+Extension.m"; sourceTree = "<group>"; };
		4584943E1B16C522003DFC05 /* MKEmitterCustomLayer.h */ = {isa = PBXFileReference; fileEncoding = 4; lastKnownFileType = sourcecode.c.h; path = MKEmitterCustomLayer.h; sourceTree = "<group>"; };
		4584943F1B16C522003DFC05 /* MKEmitterCustomLayer.m */ = {isa = PBXFileReference; fileEncoding = 4; lastKnownFileType = sourcecode.c.objc; path = MKEmitterCustomLayer.m; sourceTree = "<group>"; };
		458494411B16C522003DFC05 /* MKEmitterLeavesCell.h */ = {isa = PBXFileReference; fileEncoding = 4; lastKnownFileType = sourcecode.c.h; path = MKEmitterLeavesCell.h; sourceTree = "<group>"; };
		458494421B16C522003DFC05 /* MKEmitterLeavesCell.m */ = {isa = PBXFileReference; fileEncoding = 4; lastKnownFileType = sourcecode.c.objc; path = MKEmitterLeavesCell.m; sourceTree = "<group>"; };
		458494431B16C522003DFC05 /* leaves.png */ = {isa = PBXFileReference; lastKnownFileType = image.png; path = leaves.png; sourceTree = "<group>"; };
		458494461B16C522003DFC05 /* MKEmitterSnowCell.h */ = {isa = PBXFileReference; fileEncoding = 4; lastKnownFileType = sourcecode.c.h; path = MKEmitterSnowCell.h; sourceTree = "<group>"; };
		458494471B16C522003DFC05 /* MKEmitterSnowCell.m */ = {isa = PBXFileReference; fileEncoding = 4; lastKnownFileType = sourcecode.c.objc; path = MKEmitterSnowCell.m; sourceTree = "<group>"; };
		458494491B16C522003DFC05 /* snow.png */ = {isa = PBXFileReference; lastKnownFileType = image.png; path = snow.png; sourceTree = "<group>"; };
		458494881B170845003DFC05 /* MKPublicParticleCell.h */ = {isa = PBXFileReference; fileEncoding = 4; lastKnownFileType = sourcecode.c.h; path = MKPublicParticleCell.h; sourceTree = "<group>"; };
		458494891B170845003DFC05 /* MKPublicParticleCell.m */ = {isa = PBXFileReference; fileEncoding = 4; lastKnownFileType = sourcecode.c.objc; path = MKPublicParticleCell.m; sourceTree = "<group>"; };
/* End PBXFileReference section */

/* Begin PBXFrameworksBuildPhase section */
		458493EE1B16B5F6003DFC05 /* Frameworks */ = {
			isa = PBXFrameworksBuildPhase;
			buildActionMask = 2147483647;
			files = (
			);
			runOnlyForDeploymentPostprocessing = 0;
		};
		458494071B16B5F6003DFC05 /* Frameworks */ = {
			isa = PBXFrameworksBuildPhase;
			buildActionMask = 2147483647;
			files = (
			);
			runOnlyForDeploymentPostprocessing = 0;
		};
/* End PBXFrameworksBuildPhase section */

/* Begin PBXGroup section */
		458493E81B16B5F6003DFC05 = {
			isa = PBXGroup;
			children = (
				458493F31B16B5F6003DFC05 /* MKAnimationStyle */,
				4584940D1B16B5F6003DFC05 /* MKAnimationStyleTests */,
				458493F21B16B5F6003DFC05 /* Products */,
			);
			sourceTree = "<group>";
		};
		458493F21B16B5F6003DFC05 /* Products */ = {
			isa = PBXGroup;
			children = (
				458493F11B16B5F6003DFC05 /* MKAnimationStyle.app */,
				4584940A1B16B5F6003DFC05 /* MKAnimationStyleTests.xctest */,
			);
			name = Products;
			sourceTree = "<group>";
		};
		458493F31B16B5F6003DFC05 /* MKAnimationStyle */ = {
			isa = PBXGroup;
			children = (
				458493F81B16B5F6003DFC05 /* AppDelegate.h */,
				458493F91B16B5F6003DFC05 /* AppDelegate.m */,
				4584942D1B16BA4A003DFC05 /* UIView+RMAdditions */,
				458493FB1B16B5F6003DFC05 /* ViewController.h */,
				458493FC1B16B5F6003DFC05 /* ViewController.m */,
				458494341B16C522003DFC05 /* MKAnimationLibrary */,
				458493FE1B16B5F6003DFC05 /* Main.storyboard */,
				458494011B16B5F6003DFC05 /* Images.xcassets */,
				458494031B16B5F6003DFC05 /* LaunchScreen.xib */,
				458493F41B16B5F6003DFC05 /* Supporting Files */,
			);
			path = MKAnimationStyle;
			sourceTree = "<group>";
		};
		458493F41B16B5F6003DFC05 /* Supporting Files */ = {
			isa = PBXGroup;
			children = (
				458493F51B16B5F6003DFC05 /* Info.plist */,
				458493F61B16B5F6003DFC05 /* main.m */,
			);
			name = "Supporting Files";
			sourceTree = "<group>";
		};
		4584940D1B16B5F6003DFC05 /* MKAnimationStyleTests */ = {
			isa = PBXGroup;
			children = (
				458494101B16B5F6003DFC05 /* MKAnimationStyleTests.m */,
				4584940E1B16B5F6003DFC05 /* Supporting Files */,
			);
			path = MKAnimationStyleTests;
			sourceTree = "<group>";
		};
		4584940E1B16B5F6003DFC05 /* Supporting Files */ = {
			isa = PBXGroup;
			children = (
				4584940F1B16B5F6003DFC05 /* Info.plist */,
			);
			name = "Supporting Files";
			sourceTree = "<group>";
		};
		4584942D1B16BA4A003DFC05 /* UIView+RMAdditions */ = {
			isa = PBXGroup;
			children = (
				4584942E1B16BA4A003DFC05 /* UIView+RMAdditions.h */,
				4584942F1B16BA4A003DFC05 /* UIView+RMAdditions.m */,
			);
			path = "UIView+RMAdditions";
			sourceTree = "<group>";
		};
		458494341B16C522003DFC05 /* MKAnimationLibrary */ = {
			isa = PBXGroup;
			children = (
				458494351B16C522003DFC05 /* MKAnimationManager */,
				458494381B16C522003DFC05 /* MKAnimationStyle */,
			);
			path = MKAnimationLibrary;
			sourceTree = "<group>";
		};
		458494351B16C522003DFC05 /* MKAnimationManager */ = {
			isa = PBXGroup;
			children = (
				458494361B16C522003DFC05 /* MKAnimationManager.h */,
				458494371B16C522003DFC05 /* MKAnimationManager.m */,
			);
			path = MKAnimationManager;
			sourceTree = "<group>";
		};
		458494381B16C522003DFC05 /* MKAnimationStyle */ = {
			isa = PBXGroup;
			children = (
				458494391B16C522003DFC05 /* Category+UIImage */,
				4584943C1B16C522003DFC05 /* MKAnimationEmitterStyle */,
			);
			path = MKAnimationStyle;
			sourceTree = "<group>";
		};
		458494391B16C522003DFC05 /* Category+UIImage */ = {
			isa = PBXGroup;
			children = (
				4584943A1B16C522003DFC05 /* UIImage+Extension.h */,
				4584943B1B16C522003DFC05 /* UIImage+Extension.m */,
			);
			path = "Category+UIImage";
			sourceTree = "<group>";
		};
		4584943C1B16C522003DFC05 /* MKAnimationEmitterStyle */ = {
			isa = PBXGroup;
			children = (
				4584943D1B16C522003DFC05 /* EmitterLayer */,
				458494441B16C522003DFC05 /* PublicParticleCell */,
				458494401B16C522003DFC05 /* LevaesCell */,
				458494451B16C522003DFC05 /* SnowCell */,
			);
			path = MKAnimationEmitterStyle;
			sourceTree = "<group>";
		};
		4584943D1B16C522003DFC05 /* EmitterLayer */ = {
			isa = PBXGroup;
			children = (
				4584943E1B16C522003DFC05 /* MKEmitterCustomLayer.h */,
				4584943F1B16C522003DFC05 /* MKEmitterCustomLayer.m */,
			);
			path = EmitterLayer;
			sourceTree = "<group>";
		};
		458494401B16C522003DFC05 /* LevaesCell */ = {
			isa = PBXGroup;
			children = (
				458494411B16C522003DFC05 /* MKEmitterLeavesCell.h */,
				458494421B16C522003DFC05 /* MKEmitterLeavesCell.m */,
				458494431B16C522003DFC05 /* leaves.png */,
			);
			path = LevaesCell;
			sourceTree = "<group>";
		};
		458494441B16C522003DFC05 /* PublicParticleCell */ = {
			isa = PBXGroup;
			children = (
				458494881B170845003DFC05 /* MKPublicParticleCell.h */,
				458494891B170845003DFC05 /* MKPublicParticleCell.m */,
			);
			path = PublicParticleCell;
			sourceTree = "<group>";
		};
		458494451B16C522003DFC05 /* SnowCell */ = {
			isa = PBXGroup;
			children = (
				458494461B16C522003DFC05 /* MKEmitterSnowCell.h */,
				458494471B16C522003DFC05 /* MKEmitterSnowCell.m */,
				458494491B16C522003DFC05 /* snow.png */,
			);
			path = SnowCell;
			sourceTree = "<group>";
		};
/* End PBXGroup section */

/* Begin PBXNativeTarget section */
		458493F01B16B5F6003DFC05 /* MKAnimationStyle */ = {
			isa = PBXNativeTarget;
			buildConfigurationList = 458494141B16B5F6003DFC05 /* Build configuration list for PBXNativeTarget "MKAnimationStyle" */;
			buildPhases = (
				458493ED1B16B5F6003DFC05 /* Sources */,
				458493EE1B16B5F6003DFC05 /* Frameworks */,
				458493EF1B16B5F6003DFC05 /* Resources */,
			);
			buildRules = (
			);
			dependencies = (
			);
			name = MKAnimationStyle;
			productName = MKAnimationStyle;
			productReference = 458493F11B16B5F6003DFC05 /* MKAnimationStyle.app */;
			productType = "com.apple.product-type.application";
		};
		458494091B16B5F6003DFC05 /* MKAnimationStyleTests */ = {
			isa = PBXNativeTarget;
			buildConfigurationList = 458494171B16B5F6003DFC05 /* Build configuration list for PBXNativeTarget "MKAnimationStyleTests" */;
			buildPhases = (
				458494061B16B5F6003DFC05 /* Sources */,
				458494071B16B5F6003DFC05 /* Frameworks */,
				458494081B16B5F6003DFC05 /* Resources */,
			);
			buildRules = (
			);
			dependencies = (
				4584940C1B16B5F6003DFC05 /* PBXTargetDependency */,
			);
			name = MKAnimationStyleTests;
			productName = MKAnimationStyleTests;
			productReference = 4584940A1B16B5F6003DFC05 /* MKAnimationStyleTests.xctest */;
			productType = "com.apple.product-type.bundle.unit-test";
		};
/* End PBXNativeTarget section */

/* Begin PBXProject section */
		458493E91B16B5F6003DFC05 /* Project object */ = {
			isa = PBXProject;
			attributes = {
				LastUpgradeCheck = 0620;
				ORGANIZATIONNAME = YKH;
				TargetAttributes = {
					458493F01B16B5F6003DFC05 = {
						CreatedOnToolsVersion = 6.2;
					};
					458494091B16B5F6003DFC05 = {
						CreatedOnToolsVersion = 6.2;
						TestTargetID = 458493F01B16B5F6003DFC05;
					};
				};
			};
			buildConfigurationList = 458493EC1B16B5F6003DFC05 /* Build configuration list for PBXProject "MKAnimationStyle" */;
			compatibilityVersion = "Xcode 3.2";
			developmentRegion = English;
			hasScannedForEncodings = 0;
			knownRegions = (
				en,
				Base,
			);
			mainGroup = 458493E81B16B5F6003DFC05;
			productRefGroup = 458493F21B16B5F6003DFC05 /* Products */;
			projectDirPath = "";
			projectRoot = "";
			targets = (
				458493F01B16B5F6003DFC05 /* MKAnimationStyle */,
				458494091B16B5F6003DFC05 /* MKAnimationStyleTests */,
			);
		};
/* End PBXProject section */

/* Begin PBXResourcesBuildPhase section */
		458493EF1B16B5F6003DFC05 /* Resources */ = {
			isa = PBXResourcesBuildPhase;
			buildActionMask = 2147483647;
			files = (
				458494001B16B5F6003DFC05 /* Main.storyboard in Resources */,
				458494511B16C522003DFC05 /* snow.png in Resources */,
				4584944E1B16C522003DFC05 /* leaves.png in Resources */,
				458494051B16B5F6003DFC05 /* LaunchScreen.xib in Resources */,
				458494021B16B5F6003DFC05 /* Images.xcassets in Resources */,
			);
			runOnlyForDeploymentPostprocessing = 0;
		};
		458494081B16B5F6003DFC05 /* Resources */ = {
			isa = PBXResourcesBuildPhase;
			buildActionMask = 2147483647;
			files = (
			);
			runOnlyForDeploymentPostprocessing = 0;
		};
/* End PBXResourcesBuildPhase section */

/* Begin PBXSourcesBuildPhase section */
		458493ED1B16B5F6003DFC05 /* Sources */ = {
			isa = PBXSourcesBuildPhase;
			buildActionMask = 2147483647;
			files = (
				4584944D1B16C522003DFC05 /* MKEmitterLeavesCell.m in Sources */,
				458493FD1B16B5F6003DFC05 /* ViewController.m in Sources */,
				4584948A1B170845003DFC05 /* MKPublicParticleCell.m in Sources */,
				458493FA1B16B5F6003DFC05 /* AppDelegate.m in Sources */,
				4584944F1B16C522003DFC05 /* MKEmitterSnowCell.m in Sources */,
				458494301B16BA4A003DFC05 /* UIView+RMAdditions.m in Sources */,
				4584944B1B16C522003DFC05 /* UIImage+Extension.m in Sources */,
				458493F71B16B5F6003DFC05 /* main.m in Sources */,
				4584944C1B16C522003DFC05 /* MKEmitterCustomLayer.m in Sources */,
				4584944A1B16C522003DFC05 /* MKAnimationManager.m in Sources */,
			);
			runOnlyForDeploymentPostprocessing = 0;
		};
		458494061B16B5F6003DFC05 /* Sources */ = {
			isa = PBXSourcesBuildPhase;
			buildActionMask = 2147483647;
			files = (
				458494111B16B5F6003DFC05 /* MKAnimationStyleTests.m in Sources */,
			);
			runOnlyForDeploymentPostprocessing = 0;
		};
/* End PBXSourcesBuildPhase section */

/* Begin PBXTargetDependency section */
		4584940C1B16B5F6003DFC05 /* PBXTargetDependency */ = {
			isa = PBXTargetDependency;
			target = 458493F01B16B5F6003DFC05 /* MKAnimationStyle */;
			targetProxy = 4584940B1B16B5F6003DFC05 /* PBXContainerItemProxy */;
		};
/* End PBXTargetDependency section */

/* Begin PBXVariantGroup section */
		458493FE1B16B5F6003DFC05 /* Main.storyboard */ = {
			isa = PBXVariantGroup;
			children = (
				458493FF1B16B5F6003DFC05 /* Base */,
			);
			name = Main.storyboard;
			sourceTree = "<group>";
		};
		458494031B16B5F6003DFC05 /* LaunchScreen.xib */ = {
			isa = PBXVariantGroup;
			children = (
				458494041B16B5F6003DFC05 /* Base */,
			);
			name = LaunchScreen.xib;
			sourceTree = "<group>";
		};
/* End PBXVariantGroup section */

/* Begin XCBuildConfiguration section */
		458494121B16B5F6003DFC05 /* Debug */ = {
			isa = XCBuildConfiguration;
			buildSettings = {
				ALWAYS_SEARCH_USER_PATHS = NO;
				CLANG_CXX_LANGUAGE_STANDARD = "gnu++0x";
				CLANG_CXX_LIBRARY = "libc++";
				CLANG_ENABLE_MODULES = YES;
				CLANG_ENABLE_OBJC_ARC = YES;
				CLANG_WARN_BOOL_CONVERSION = YES;
				CLANG_WARN_CONSTANT_CONVERSION = YES;
				CLANG_WARN_DIRECT_OBJC_ISA_USAGE = YES_ERROR;
				CLANG_WARN_EMPTY_BODY = YES;
				CLANG_WARN_ENUM_CONVERSION = YES;
				CLANG_WARN_INT_CONVERSION = YES;
				CLANG_WARN_OBJC_ROOT_CLASS = YES_ERROR;
				CLANG_WARN_UNREACHABLE_CODE = YES;
				CLANG_WARN__DUPLICATE_METHOD_MATCH = YES;
				"CODE_SIGN_IDENTITY[sdk=iphoneos*]" = "iPhone Developer";
				COPY_PHASE_STRIP = NO;
				ENABLE_STRICT_OBJC_MSGSEND = YES;
				GCC_C_LANGUAGE_STANDARD = gnu99;
				GCC_DYNAMIC_NO_PIC = NO;
				GCC_OPTIMIZATION_LEVEL = 0;
				GCC_PREPROCESSOR_DEFINITIONS = (
					"DEBUG=1",
					"$(inherited)",
				);
				GCC_SYMBOLS_PRIVATE_EXTERN = NO;
				GCC_WARN_64_TO_32_BIT_CONVERSION = YES;
				GCC_WARN_ABOUT_RETURN_TYPE = YES_ERROR;
				GCC_WARN_UNDECLARED_SELECTOR = YES;
				GCC_WARN_UNINITIALIZED_AUTOS = YES_AGGRESSIVE;
				GCC_WARN_UNUSED_FUNCTION = YES;
				GCC_WARN_UNUSED_VARIABLE = YES;
				IPHONEOS_DEPLOYMENT_TARGET = 8.2;
				MTL_ENABLE_DEBUG_INFO = YES;
				ONLY_ACTIVE_ARCH = YES;
				SDKROOT = iphoneos;
				TARGETED_DEVICE_FAMILY = "1,2";
			};
			name = Debug;
		};
		458494131B16B5F6003DFC05 /* Release */ = {
			isa = XCBuildConfiguration;
			buildSettings = {
				ALWAYS_SEARCH_USER_PATHS = NO;
				CLANG_CXX_LANGUAGE_STANDARD = "gnu++0x";
				CLANG_CXX_LIBRARY = "libc++";
				CLANG_ENABLE_MODULES = YES;
				CLANG_ENABLE_OBJC_ARC = YES;
				CLANG_WARN_BOOL_CONVERSION = YES;
				CLANG_WARN_CONSTANT_CONVERSION = YES;
				CLANG_WARN_DIRECT_OBJC_ISA_USAGE = YES_ERROR;
				CLANG_WARN_EMPTY_BODY = YES;
				CLANG_WARN_ENUM_CONVERSION = YES;
				CLANG_WARN_INT_CONVERSION = YES;
				CLANG_WARN_OBJC_ROOT_CLASS = YES_ERROR;
				CLANG_WARN_UNREACHABLE_CODE = YES;
				CLANG_WARN__DUPLICATE_METHOD_MATCH = YES;
				"CODE_SIGN_IDENTITY[sdk=iphoneos*]" = "iPhone Developer";
				COPY_PHASE_STRIP = NO;
				ENABLE_NS_ASSERTIONS = NO;
				ENABLE_STRICT_OBJC_MSGSEND = YES;
				GCC_C_LANGUAGE_STANDARD = gnu99;
				GCC_WARN_64_TO_32_BIT_CONVERSION = YES;
				GCC_WARN_ABOUT_RETURN_TYPE = YES_ERROR;
				GCC_WARN_UNDECLARED_SELECTOR = YES;
				GCC_WARN_UNINITIALIZED_AUTOS = YES_AGGRESSIVE;
				GCC_WARN_UNUSED_FUNCTION = YES;
				GCC_WARN_UNUSED_VARIABLE = YES;
				IPHONEOS_DEPLOYMENT_TARGET = 8.2;
				MTL_ENABLE_DEBUG_INFO = NO;
				SDKROOT = iphoneos;
				TARGETED_DEVICE_FAMILY = "1,2";
				VALIDATE_PRODUCT = YES;
			};
			name = Release;
		};
		458494151B16B5F6003DFC05 /* Debug */ = {
			isa = XCBuildConfiguration;
			buildSettings = {
				ASSETCATALOG_COMPILER_APPICON_NAME = AppIcon;
				INFOPLIST_FILE = MKAnimationStyle/Info.plist;
				IPHONEOS_DEPLOYMENT_TARGET = 7.0;
				LD_RUNPATH_SEARCH_PATHS = "$(inherited) @executable_path/Frameworks";
				PRODUCT_NAME = "$(TARGET_NAME)";
			};
			name = Debug;
		};
		458494161B16B5F6003DFC05 /* Release */ = {
			isa = XCBuildConfiguration;
			buildSettings = {
				ASSETCATALOG_COMPILER_APPICON_NAME = AppIcon;
				INFOPLIST_FILE = MKAnimationStyle/Info.plist;
				IPHONEOS_DEPLOYMENT_TARGET = 7.0;
				LD_RUNPATH_SEARCH_PATHS = "$(inherited) @executable_path/Frameworks";
				PRODUCT_NAME = "$(TARGET_NAME)";
			};
			name = Release;
		};
		458494181B16B5F6003DFC05 /* Debug */ = {
			isa = XCBuildConfiguration;
			buildSettings = {
				BUNDLE_LOADER = "$(TEST_HOST)";
				FRAMEWORK_SEARCH_PATHS = (
					"$(SDKROOT)/Developer/Library/Frameworks",
					"$(inherited)",
				);
				GCC_PREPROCESSOR_DEFINITIONS = (
					"DEBUG=1",
					"$(inherited)",
				);
				INFOPLIST_FILE = MKAnimationStyleTests/Info.plist;
				LD_RUNPATH_SEARCH_PATHS = "$(inherited) @executable_path/Frameworks @loader_path/Frameworks";
				PRODUCT_NAME = "$(TARGET_NAME)";
				TEST_HOST = "$(BUILT_PRODUCTS_DIR)/MKAnimationStyle.app/MKAnimationStyle";
			};
			name = Debug;
		};
		458494191B16B5F6003DFC05 /* Release */ = {
			isa = XCBuildConfiguration;
			buildSettings = {
				BUNDLE_LOADER = "$(TEST_HOST)";
				FRAMEWORK_SEARCH_PATHS = (
					"$(SDKROOT)/Developer/Library/Frameworks",
					"$(inherited)",
				);
				INFOPLIST_FILE = MKAnimationStyleTests/Info.plist;
				LD_RUNPATH_SEARCH_PATHS = "$(inherited) @executable_path/Frameworks @loader_path/Frameworks";
				PRODUCT_NAME = "$(TARGET_NAME)";
				TEST_HOST = "$(BUILT_PRODUCTS_DIR)/MKAnimationStyle.app/MKAnimationStyle";
			};
			name = Release;
		};
/* End XCBuildConfiguration section */

/* Begin XCConfigurationList section */
		458493EC1B16B5F6003DFC05 /* Build configuration list for PBXProject "MKAnimationStyle" */ = {
			isa = XCConfigurationList;
			buildConfigurations = (
				458494121B16B5F6003DFC05 /* Debug */,
				458494131B16B5F6003DFC05 /* Release */,
			);
			defaultConfigurationIsVisible = 0;
			defaultConfigurationName = Release;
		};
		458494141B16B5F6003DFC05 /* Build configuration list for PBXNativeTarget "MKAnimationStyle" */ = {
			isa = XCConfigurationList;
			buildConfigurations = (
				458494151B16B5F6003DFC05 /* Debug */,
				458494161B16B5F6003DFC05 /* Release */,
			);
			defaultConfigurationIsVisible = 0;
			defaultConfigurationName = Release;
		};
		458494171B16B5F6003DFC05 /* Build configuration list for PBXNativeTarget "MKAnimationStyleTests" */ = {
			isa = XCConfigurationList;
			buildConfigurations = (
				458494181B16B5F6003DFC05 /* Debug */,
				458494191B16B5F6003DFC05 /* Release */,
			);
			defaultConfigurationIsVisible = 0;
			defaultConfigurationName = Release;
		};
/* End XCConfigurationList section */
	};
	rootObject = 458493E91B16B5F6003DFC05 /* Project object */;
}
